version = 1
revision = 3
requires-python = ">=3.13, <4.0"

[[package]]
name = "asttokens"
version = "3.0.2"
source = { registry = "https://pypi.org/simple" }
sdist = { url = "https://files.pythonhosted.org/packages/25/1e/faf0f247f6f881b98fc4d6d07e14085cb89d13665084e6d6ac1dc2c03d0b/asttokens-3.0.2.tar.gz", hash = "sha256:3ecdbd8f2cc195f53ccada3a613538bb5f9ef6f6869129f13e03c30a677b8fe2", size = 63136, upload-time = "2026-07-12T03:31:49.084Z" }
wheels = [
    { url = "https://files.pythonhosted.org/packages/d4/2b/04b8a15f3a1c77bc79ddf5c73875327f34b4fa75982df2b76e45e402d364/asttokens-3.0.2-py3-none-any.whl", hash = "sha256:9da13157f5b28becde0bd374fc677dcd3c290614264eff096f167c469cd9f933", size = 28702, upload-time = "2026-07-12T03:31:47.542Z" },
]

[[package]]
name = "bottle"
version = "0.13.4"
source = { registry = "https://pypi.org/simple" }
sdist = { url = "https://files.pythonhosted.org/packages/7a/71/cca6167c06d00c81375fd668719df245864076d284f7cb46a694cbeb5454/bottle-0.13.4.tar.gz", hash = "sha256:787e78327e12b227938de02248333d788cfe45987edca735f8f88e03472c3f47", size = 98717, upload-time = "2025-06-15T10:08:59.439Z" }
wheels = [
    { url = "https://files.pythonhosted.org/packages/83/f6/b55ec74cfe68c6584163faa311503c20b0da4c09883a41e8e00d6726c954/bottle-0.13.4-py2.py3-none-any.whl", hash = "sha256:045684fbd2764eac9cdeb824861d1551d113e8b683d8d26e296898d3dd99a12e", size = 103807, upload-time = "2025-06-15T10:08:57.691Z" },
]

[[package]]
name = "certifi"
version = "2026.7.22"
source = { registry = "https://pypi.org/simple" }
sdist = { url = "https://files.pythonhosted.org/packages/a3/c2/24167ea9858356b47a87a50d39908bfdb72ceeefe0041586e704e5376b3a/certifi-2026.7.22.tar.gz", hash = "sha256:741e2c3b351ddf169a738da9f2c048608ff7f2c5cc02f1ebc6b118bb090d5d55", size = 138112, upload-time = "2026-07-22T03:35:12.644Z" }
wheels = [
    { url = "https://files.pythonhosted.org/packages/0b/a7/71ac2cff56fec219ed242bb11b8efb69fcc4bec75db06fb7bfe35de520e6/certifi-2026.7.22-py3-none-any.whl", hash = "sha256:62f22742b58a1a33014a2b6b706588a8d7e2a88ae7bd1a6ebe8c992928483775", size = 136983, upload-time = "2026-07-22T03:35:11.276Z" },
]

[[package]]
name = "charset-normalizer"
version = "3.4.9"
source = { registry = "https://pypi.org/simple" }
sdist = { url = "https://files.pythonhosted.org/packages/bd/2a/23f34ec9d04624958e137efdc394888716353190e75f25dd22c7a2c7a8aa/charset_normalizer-3.4.9.tar.gz", hash = "sha256:673611bbd43f0810bec0b0f028ddeaaa501190339cac411f347ac76917c3ae7b", size = 152439, upload-time = "2026-07-07T14:34:58.454Z" }
wheels = [
    { url = "https://files.pythonhosted.org/packages/b2/06/97ec2aeae780b31d742b6352218b43841a6871e2564578ca522dce4a45c3/charset_normalizer-3.4.9-cp313-cp313-macosx_10_13_universal2.whl", hash = "sha256:440eede837960000d74978f0eba527be106b5b9aee0daf779d395276ed0b0614", size = 317688, upload-time = "2026-07-07T14:33:35.408Z" },
    { url = "https://files.pythonhosted.org/packages/d0/39/8ff066c672434225f8d25f8b739f992af250944392173dcc88362681c9bf/charset_normalizer-3.4.9-cp313-cp313-manylinux2014_aarch64.manylinux_2_17_aarch64.manylinux_2_28_aarch64.whl", hash = "sha256:21e764fd1e70b6a3e205a0e46f3051701f98a8cb3fad66eeb80e48bb502f8698", size = 214982, upload-time = "2026-07-07T14:33:36.996Z" },
    { url = "https://files.pythonhosted.org/packages/92/8f/3a47a3667c83c2df9483d91644c6c107de3bf8874aa1793da9d3012eb986/charset_normalizer-3.4.9-cp313-cp313-manylinux2014_ppc64le.manylinux_2_17_ppc64le.manylinux_2_28_ppc64le.whl", hash = "sha256:e4fd89cc178bced6ad29cb3e6dd4aa63fa5017c3524dbd0b25998fb64a87cc8b", size = 236460, upload-time = "2026-07-07T14:33:38.536Z" },
    { url = "https://files.pythonhosted.org/packages/f1/60/b22cdbee7e4013dab8b0d7647fc6181120fbbbc8f7025c226d15bd5a47fc/charset_normalizer-3.4.9-cp313-cp313-manylinux2014_s390x.manylinux_2_17_s390x.manylinux_2_28_s390x.whl", hash = "sha256:bd47ba7fc3ca94896759ea0109775132d3e7ab921fbf54038e1bab2e46c313c9", size = 232003, upload-time = "2026-07-07T14:33:40.059Z" },
    { url = "https://files.pythonhosted.org/packages/ea/f8/72eb13dcabe7257035cea8aefd922caad2f110d252bf9f67c4c2ca763aee/charset_normalizer-3.4.9-cp313-cp313-manylinux2014_x86_64.manylinux_2_17_x86_64.manylinux_2_28_x86_64.whl", hash = "sha256:84fd18bcc17526fc2b3c1af7d2b9217d32c9c04448c16ec693b9b4f1985c3d33", size = 223149, upload-time = "2026-07-07T14:33:41.631Z" },
    { url = "https://files.pythonhosted.org/packages/b0/3e/faee8f9de92b14ee1198e9163252bb15efee7301b31256a3b6d9ebfdd0dd/charset_normalizer-3.4.9-cp313-cp313-manylinux_2_31_armv7l.whl", hash = "sha256:5b10cd92fc5c498b35a8635df6d5a100207f88b63a4dc1de7ef9a548e1e2cd63", size = 207901, upload-time = "2026-07-07T14:33:43.209Z" },
    { url = "https://files.pythonhosted.org/packages/3a/25/45f30093ae27dd7b92a793b61882a38685f993700113ca36e0c9c14965e1/charset_normalizer-3.4.9-cp313-cp313-manylinux_2_31_riscv64.manylinux_2_39_riscv64.whl", hash = "sha256:a4fbdde9dd4a9ce5fd52c2b3a347bb50cc89483ef783f1cb00d408c13f7a96c0", size = 219176, upload-time = "2026-07-07T14:33:44.725Z" },
    { url = "https://files.pythonhosted.org/packages/48/18/c8f397329c35e32f6a837e488986f4ae03bd2abebc453b48714991630c2f/charset_normalizer-3.4.9-cp313-cp313-musllinux_1_2_aarch64.whl", hash = "sha256:416c229f77e5ea25b3dfd4b582f8d73d7e43c22320302b9ab128a2d3a0b38efe", size = 217356, upload-time = "2026-07-07T14:33:46.192Z" },
    { url = "https://files.pythonhosted.org/packages/86/7e/5ce0bba863470fd1902d5e5843968951bddf38abe4742fc97116ef4598b3/charset_normalizer-3.4.9-cp313-cp313-musllinux_1_2_armv7l.whl", hash = "sha256:75286256590a6320cf106a0d28970d3560aad9ee09aa7b34fb40524792436d35", size = 209614, upload-time = "2026-07-07T14:33:47.705Z" },
    { url = "https://files.pythonhosted.org/packages/6c/ef/2473d3c4d869155be4af1191111d59c4d5c4e0173026f7e85b176e23bf65/charset_normalizer-3.4.9-cp313-cp313-musllinux_1_2_x86_64.whl", hash = "sha256:69b157c5d3292bcd443faca052f3096f637f1e074b98212a933c074ae23dc3b8", size = 224991, upload-time = "2026-07-07T14:33:49.238Z" },
    { url = "https://files.pythonhosted.org/packages/d0/a3/53ddae3db108a088156aa8ddfafd411ebbc1340f48c5573f697b27f69a39/charset_normalizer-3.4.9-cp313-cp313-win32.whl", hash = "sha256:51307f5c71007673a2bf8232ad973483d281e74cb99c8c5a990af1eefa6277d9", size = 150622, upload-time = "2026-07-07T14:33:50.711Z" },
    { url = "https://files.pythonhosted.org/packages/e8/ef/6953a77c7cf2c2ff9998e6f575ab3e380119f100223381565a4f94c1f836/charset_normalizer-3.4.9-cp313-cp313-win_amd64.whl", hash = "sha256:fe2c7201c642b7c308f1675355ad7ff7b66acfe3541625efe5a3ad38f29d6115", size = 161947, upload-time = "2026-07-07T14:33:52.197Z" },
    { url = "https://files.pythonhosted.org/packages/6e/fb/d560d1d1555debbfe7849d9cac6145c1b537709d79576bf22557ed803b82/charset_normalizer-3.4.9-cp313-cp313-win_arm64.whl", hash = "sha256:611057cc5d5c0afc743ba8be6bd828c17e0aaa8643f9d0a9b9bb7dea80eb8012", size = 152594, upload-time = "2026-07-07T14:33:53.486Z" },
    { url = "https://files.pythonhosted.org/packages/7e/8d/496817fa0944239ecae662dd57ea765cfeaec6a735f9f025d4b7b72e7143/charset_normalizer-3.4.9-cp314-cp314-macosx_10_15_universal2.whl", hash = "sha256:0327fcd59a935777d83410750c50600ee9571af2846f71ce40f25b13da1ef380", size = 317253, upload-time = "2026-07-07T14:33:54.994Z" },
    { url = "https://files.pythonhosted.org/packages/2b/f9/ef4a69ea338ad3c0deceea0f5f7d2380ae8b52132b06d652cb0d2cd86706/charset_normalizer-3.4.9-cp314-cp314-manylinux2014_aarch64.manylinux_2_17_aarch64.manylinux_2_28_aarch64.whl", hash = "sha256:8a79d9f4d8001473a30c163556b3c3bfebec837495a412dde78b51672f6134f9", size = 215898, upload-time = "2026-07-07T14:33:56.334Z" },
    { url = "https://files.pythonhosted.org/packages/8c/e7/5ddfd76fc061eb52de219658a4aa431cbacadf0a0219c8854f00da50d289/charset_normalizer-3.4.9-cp314-cp314-manylinux2014_ppc64le.manylinux_2_17_ppc64le.manylinux_2_28_ppc64le.whl", hash = "sha256:33bdcc2a32c0a0e861f60841a512c8acc658c87c2ac59d89e3a46dacf7d866e4", size = 236718, upload-time = "2026-07-07T14:33:57.9Z" },
    { url = "https://files.pythonhosted.org/packages/49/ba/768fa3f36048d81c477a0ce61f813bc1454d80917ccfe550abd9f44f5e24/charset_normalizer-3.4.9-cp314-cp314-manylinux2014_s390x.manylinux_2_17_s390x.manylinux_2_28_s390x.whl", hash = "sha256:f840ed6d8ecba8255df8c42b87fadeda98ddfc6eeec05e2dc66e26d46dd6f58a", size = 232519, upload-time = "2026-07-07T14:33:59.811Z" },
    { url = "https://files.pythonhosted.org/packages/f4/c4/b3e049d2aa3766180c78507110543d9d50894cc97f57de543f1be521dcdc/charset_normalizer-3.4.9-cp314-cp314-manylinux2014_x86_64.manylinux_2_17_x86_64.manylinux_2_28_x86_64.whl", hash = "sha256:c25fe15c70c59eb7c5ce8c06a1f3fa1da0ecc5ea1e7a5922c40fd2fa9b0d5046", size = 223143, upload-time = "2026-07-07T14:34:01.517Z" },
    { url = "https://files.pythonhosted.org/packages/19/79/55c32d06d76ae4feafe053f061f3e3ab70bcf19f4007797ce8c3efda7830/charset_normalizer-3.4.9-cp314-cp314-manylinux_2_31_armv7l.whl", hash = "sha256:f7fb7d750cfa0a070d2c24e831fd3481019a60dd317ea2b39acbcebc08b6ed81", size = 206742, upload-time = "2026-07-07T14:34:03.04Z" },
    { url = "https://files.pythonhosted.org/packages/10/e0/47c079dd82d217c807479cd59ffd30af56307ea31c108b75758970459ad3/charset_normalizer-3.4.9-cp314-cp314-manylinux_2_31_riscv64.manylinux_2_39_riscv64.whl", hash = "sha256:4d1c96a7a18b9690a4d46df09e3e3382406ae3213727cd1019ebade1c4a81917", size = 219191, upload-time = "2026-07-07T14:34:04.657Z" },
    { url = "https://files.pythonhosted.org/packages/42/ab/b9bc2e77d6b44a7e46ef62ec5cac1c9a6ba7b9135a5d560f002696ec9995/charset_normalizer-3.4.9-cp314-cp314-musllinux_1_2_aarch64.whl", hash = "sha256:a4cfde78a9f2880208d16a93b795726a3017d5977e08d1e162a7a31322479c41", size = 218328, upload-time = "2026-07-07T14:34:06.115Z" },
    { url = "https://files.pythonhosted.org/packages/f1/78/c9c71d599f5aa2d42bcdd35cbbd46d7f535351a57e40ff7d8e5a7e219401/charset_normalizer-3.4.9-cp314-cp314-musllinux_1_2_armv7l.whl", hash = "sha256:d4d6fcde76f94f5cb9e43e9e9a61f16dacefd228cbbf6f1a09bd9b219a92f1a1", size = 207406, upload-time = "2026-07-07T14:34:07.554Z" },
    { url = "https://files.pythonhosted.org/packages/f6/39/c914445c321a845097ce4f6ac7de9a18228a77b766272125a1ce00d851eb/charset_normalizer-3.4.9-cp314-cp314-musllinux_1_2_x86_64.whl", hash = "sha256:898f0e9068ca27d37f8e83a5b962821df851532e6c4a7d615c1c033f9da6eedf", size = 225157, upload-time = "2026-07-07T14:34:09.061Z" },
    { url = "https://files.pythonhosted.org/packages/9b/f2/c0d4b8508565a36bc5c624e88ed297f5b0b1095011034d7f5b83a69908b5/charset_normalizer-3.4.9-cp314-cp314-win32.whl", hash = "sha256:c1c948747b03be832dceed96ca815cef7360de9aa19d37c730f8e3f6101aca48", size = 151095, upload-time = "2026-07-07T14:34:10.901Z" },
    { url = "https://files.pythonhosted.org/packages/49/fd/a1d26144398c67486422a72bf5812cda22cb4ccfcd95a290fb41ceb4b8e2/charset_normalizer-3.4.9-cp314-cp314-win_amd64.whl", hash = "sha256:16b65ea0f2465b6fb52aa22de5eca612aa964ddfec00a912e26f4656cbef890b", size = 162796, upload-time = "2026-07-07T14:34:12.47Z" },
    { url = "https://files.pythonhosted.org/packages/20/95/d75e82f8ce9fd323ebf059c16c9aadefb22a1ecde13b7840b35835e4886c/charset_normalizer-3.4.9-cp314-cp314-win_arm64.whl", hash = "sha256:40a126142a56b2dfc0aacbad1de8310cbf60da7656db0e6b16eebd48e3e93519", size = 153334, upload-time = "2026-07-07T14:34:14.044Z" },
    { url = "https://files.pythonhosted.org/packages/00/5e/17398df3a139985ba9d11ed072531986f408c8fca952835ef1ab1820c02b/charset_normalizer-3.4.9-cp314-cp314t-macosx_10_15_universal2.whl", hash = "sha256:609b3ba8fcc0fb5ab7af00719d0fb6ad0cb518e48e7712d12fd68f1327951198", size = 338848, upload-time = "2026-07-07T14:34:15.688Z" },
    { url = "https://files.pythonhosted.org/packages/cd/91/7253a32e86b7e1d1239b1b36ba6dd0f021a21107ab33054b53119cc083b9/charset_normalizer-3.4.9-cp314-cp314t-manylinux2014_aarch64.manylinux_2_17_aarch64.manylinux_2_28_aarch64.whl", hash = "sha256:51447e9aa2684679af07ca5021c3db526e0284347ebf4ffcec1154c3350cfe32", size = 223022, upload-time = "2026-07-07T14:34:17.248Z" },
    { url = "https://files.pythonhosted.org/packages/cb/32/2e64bd2be10e89c61e57ebe6a93fd98ae88eb7ebe414b5121f22c96c69eb/charset_normalizer-3.4.9-cp314-cp314t-manylinux2014_ppc64le.manylinux_2_17_ppc64le.manylinux_2_28_ppc64le.whl", hash = "sha256:cc1b0fff8ead343dae06305f954eb8468ba0ec1a97881f42489d198e4ce3c632", size = 241590, upload-time = "2026-07-07T14:34:18.813Z" },
    { url = "https://files.pythonhosted.org/packages/3d/ef/d96ec496cfea0c21db43b0ad03891308b02388d054cc902cf0e5a1ad6a88/charset_normalizer-3.4.9-cp314-cp314t-manylinux2014_s390x.manylinux_2_17_s390x.manylinux_2_28_s390x.whl", hash = "sha256:fa36ec09ef71d158186bc79e359ff5fdd6e7996fe8ab638f00d6b93139ba4fcf", size = 239584, upload-time = "2026-07-07T14:34:20.52Z" },
    { url = "https://files.pythonhosted.org/packages/d4/ce/9af95f7876194bd7a14e3dfe4a4de2e0bff02666a3910d72beafd06cc297/charset_normalizer-3.4.9-cp314-cp314t-manylinux2014_x86_64.manylinux_2_17_x86_64.manylinux_2_28_x86_64.whl", hash = "sha256:df115d4d83168fdf2cae48ef1ff6d1cb4c466364e30861b37121de0f3bf1b990", size = 230224, upload-time = "2026-07-07T14:34:22.189Z" },
    { url = "https://files.pythonhosted.org/packages/52/94/af74dde74a3996bd959c350709bfe50e297823d70a8c1cbd54b838880863/charset_normalizer-3.4.9-cp314-cp314t-manylinux_2_31_armv7l.whl", hash = "sha256:f86c6358749bd4fda175388691e3ba8c46e24c5347d0afd20f9b7edfc9faf07d", size = 212667, upload-time = "2026-07-07T14:34:23.857Z" },
    { url = "https://files.pythonhosted.org/packages/ee/f0/f1c4fe746c395922961b5916ed1d7d6e7d4c84851d19ed43cc89980ec953/charset_normalizer-3.4.9-cp314-cp314t-manylinux_2_31_riscv64.manylinux_2_39_riscv64.whl", hash = "sha256:32286a2c8d167e897177b673176c1e3e00d4057caf5d2b64eef9a3666b03018e", size = 227179, upload-time = "2026-07-07T14:34:25.586Z" },
    { url = "https://files.pythonhosted.org/packages/e4/56/6c745619ac397e8871e2bcd3cea1eec86b877488f33888b3aef5c3ed506e/charset_normalizer-3.4.9-cp314-cp314t-musllinux_1_2_aarch64.whl", hash = "sha256:83aed2c10721ddd90f68140685391b50811a880af20654c59af6b6c66c40513c", size = 225372, upload-time = "2026-07-07T14:34:27.212Z" },
    { url = "https://files.pythonhosted.org/packages/78/ad/98aae8630ac71f16711968e38a5acfecce41b778bf2f0312851020f565a8/charset_normalizer-3.4.9-cp314-cp314t-musllinux_1_2_armv7l.whl", hash = "sha256:cd6c3d4b783c556fa00bf540854e42f135e2f256abd29669fcd0da0f2dec79c2", size = 215222, upload-time = "2026-07-07T14:34:28.774Z" },
    { url = "https://files.pythonhosted.org/packages/f7/40/9593d54209765207a7f11073c06494c1721e4ca4a0a426c597679bf7f91e/charset_normalizer-3.4.9-cp314-cp314t-musllinux_1_2_x86_64.whl", hash = "sha256:ee2f2a527e3c1a6e6411eb4209642e138b544a2d72fe5d0d76daf77b24063534", size = 231958, upload-time = "2026-07-07T14:34:30.345Z" },
    { url = "https://files.pythonhosted.org/packages/b1/27/693ee5e8a18191eb38647360c51cd505013e2bd3b366aa43fd5344c21e3c/charset_normalizer-3.4.9-cp314-cp314t-win32.whl", hash = "sha256:0d861473f743244d349b50f850d10eb87aeb22bbdcc8e64f79273c94af5a8226", size = 155580, upload-time = "2026-07-07T14:34:31.884Z" },
    { url = "https://files.pythonhosted.org/packages/80/3f/bd97d3d9c613013d07cb7733d299385b41df37f0471310f5a73dc359f0b8/charset_normalizer-3.4.9-cp314-cp314t-win_amd64.whl", hash = "sha256:9b8e0f3107e2200b76f6054de99016eac3ee6762713587b36baaa7e4bd2ae177", size = 167620, upload-time = "2026-07-07T14:34:33.438Z" },
    { url = "https://files.pythonhosted.org/packages/3d/c6/eee9dca4439b1061f76373f06ea855678cc4a64c1c3c90b50e479edbb8eb/charset_normalizer-3.4.9-cp314-cp314t-win_arm64.whl", hash = "sha256:19ac87f93086ce37b86e098888555c4b4bc48102279bae3350098c0ed664b501", size = 158037, upload-time = "2026-07-07T14:34:35.018Z" },
    { url = "https://files.pythonhosted.org/packages/98/2b/f97f1c193fb855c345d678f5077d6926034db0722df74c8f057020e05a25/charset_normalizer-3.4.9-py3-none-any.whl", hash = "sha256:68e5f26a1ad57ded6d1cfb85331d1c1a195314756471d97758c48498bb4dcdf5", size = 64538, upload-time = "2026-07-07T14:34:56.993Z" },
]

[[package]]
name = "colorama"
version = "0.4.6"
source = { registry = "https://pypi.org/simple" }
sdist = { url = "https://files.pythonhosted.org/packages/d8/53/6f443c9a4a8358a93a6792e2acffb9d9d5cb0a5cfd8802644b7b1c9a02e4/colorama-0.4.6.tar.gz", hash = "sha256:08695f5cb7ed6e0531a20572697297273c47b8cae5a63ffc6d6ed5c201be6e44", size = 27697, upload-time = "2022-10-25T02:36:22.414Z" }
wheels = [
    { url = "https://files.pythonhosted.org/packages/d1/d6/3965ed04c63042e047cb6a3e6ed1a63a35087b6a609aa3a15ed8ac56c221/colorama-0.4.6-py2.py3-none-any.whl", hash = "sha256:4f1d9991f5acc0ca119f9d443620b77f9d6b33703e51011c16baf57afb285fc6", size = 25335, upload-time = "2022-10-25T02:36:20.889Z" },
]

[[package]]
name = "executing"
version = "2.2.1"
source = { registry = "https://pypi.org/simple" }
sdist = { url = "https://files.pythonhosted.org/packages/cc/28/c14e053b6762b1044f34a13aab6859bbf40456d37d23aa286ac24cfd9a5d/executing-2.2.1.tar.gz", hash = "sha256:3632cc370565f6648cc328b32435bd120a1e4ebb20c77e3fdde9a13cd1e533c4", size = 1129488, upload-time = "2025-09-01T09:48:10.866Z" }
wheels = [
    { url = "https://files.pythonhosted.org/packages/c1/ea/53f2148663b321f21b5a606bd5f191517cf40b7072c0497d3c92c4a13b1e/executing-2.2.1-py2.py3-none-any.whl", hash = "sha256:760643d3452b4d777d295bb167ccc74c64a81df23fb5e08eff250c425a4b2017", size = 28317, upload-time = "2025-09-01T09:48:08.5Z" },
]

[[package]]
name = "gunicorn"
version = "26.1.0"
source = { registry = "https://pypi.org/simple" }
sdist = { url = "https://files.pythonhosted.org/packages/38/b8/ec4ba3f6cace4091c34e27478b576bb80f2f06fab80fd42c0ecc785b308f/gunicorn-26.1.0.tar.gz", hash = "sha256:1413d777bf99d31ebeb08acd354b01f1ecc44db0aa7b811ae7b86c669232e4f7", size = 755923, upload-time = "2026-08-18T11:49:39.438Z" }
wheels = [
    { url = "https://files.pythonhosted.org/packages/19/dc/7a55fc605543fd5cb11c003fbbb21a1911d5e88a582cce6c5e063bf5c176/gunicorn-26.1.0-py3-none-any.whl", hash = "sha256:9f45bcddec5e9dc7a25a3bdccb0c6832f11fd5d4739b1ee36c8d2fec25f1dc86", size = 216237, upload-time = "2026-08-18T11:49:38.001Z" },
]

[package.optional-dependencies]
fast = [
    { name = "gunicorn-h1c" },
]

[[package]]
name = "gunicorn-h1c"
version = "0.6.9"
source = { registry = "https://pypi.org/simple" }
sdist = { url = "https://files.pythonhosted.org/packages/5a/b2/36997f8a1a25c33bf429441eac7a106c5ba8a25be555fe2ea3fc76d3e8d0/gunicorn_h1c-0.6.9.tar.gz", hash = "sha256:1847ff14fe6354a0808785dbcab25c7fbf5e621a1593bc1456c2fadf018103b1", size = 58281, upload-time = "2026-08-23T14:21:15.023Z" }
wheels = [
    { url = "https://files.pythonhosted.org/packages/64/7b/0712a8057c103026229b9b5f6752fbe63e2941e44d5885c5b2f77f0a9c7d/gunicorn_h1c-0.6.9-cp314-cp314-macosx_26_0_arm64.whl", hash = "sha256:dad8fa09f1e02e9a3739e35c324026f34322dd60f9b9ff16b822c3452273d384", size = 86319, upload-time = "2026-08-23T14:21:13.74Z" },
]

[[package]]
name = "idna"
version = "3.18"
source = { registry = "https://pypi.org/simple" }
sdist = { url = "https://files.pythonhosted.org/packages/cd/63/9496c57188a2ee585e0f1db071d75089a11e98aa86eb99d9d7618fc1edce/idna-3.18.tar.gz", hash = "sha256:ffb385a7e039654cef1ab9ef32c6fafe283c0c0467bba1d9029738ce4a14a848", size = 196711, upload-time = "2026-06-02T14:34:07.794Z" }
wheels = [
    { url = "https://files.pythonhosted.org/packages/1e/5e/d4e9f1a599fb8e573b7b87160658329fbf28d19eac2718f51fc3def3aa5a/idna-3.18-py3-none-any.whl", hash = "sha256:7f952cbe720b688055e3f87de14f5c3e5fdaa8bc3928985c4077ca689de849a2", size = 65455, upload-time = "2026-06-02T14:34:06.319Z" },
]

[[package]]
name = "ipython"
version = "9.16.1"
source = { registry = "https://pypi.org/simple" }
dependencies = [
    { name = "colorama", marker = "sys_platform == 'win32'" },
    { name = "ipython-pygments-lexers" },
    { name = "jedi" },
    { name = "matplotlib-inline" },
    { name = "pexpect", marker = "sys_platform != 'emscripten' and sys_platform != 'win32'" },
    { name = "prompt-toolkit" },
    { name = "psutil", marker = "sys_platform != 'cygwin' and sys_platform != 'emscripten'" },
    { name = "pygments" },
    { name = "stack-data" },
    { name = "traitlets" },
]
sdist = { url = "https://files.pythonhosted.org/packages/06/96/b150fe7e25a5a29ae9ac1374e71488639605d39a1ea4abb74c9ce33af235/ipython-9.16.1.tar.gz", hash = "sha256:5a3d1f9a47ff216d6cf9cf863124f6a2c1a198d1354c546a4d24a370a283b64c", size = 4515302, upload-time = "2026-08-03T08:36:15.571Z" }
wheels = [
    { url = "https://files.pythonhosted.org/packages/bc/8e/1239df488393d61076653bfb29f759d0f60cab8e030abdf7c17c31539b51/ipython-9.16.1-py3-none-any.whl", hash = "sha256:4acae635506f6d352d94c4899a19d5f85f8bc4d230932342dca556fdab1c69b4", size = 625974, upload-time = "2026-08-03T08:36:13.654Z" },
]

[[package]]
name = "ipython-pygments-lexers"
version = "1.1.1"
source = { registry = "https://pypi.org/simple" }
dependencies = [
    { name = "pygments" },
]
sdist = { url = "https://files.pythonhosted.org/packages/ef/4c/5dd1d8af08107f88c7f741ead7a40854b8ac24ddf9ae850afbcf698aa552/ipython_pygments_lexers-1.1.1.tar.gz", hash = "sha256:09c0138009e56b6854f9535736f4171d855c8c08a563a0dcd8022f78355c7e81", size = 8393, upload-time = "2025-01-17T11:24:34.505Z" }
wheels = [
    { url = "https://files.pythonhosted.org/packages/d9/33/1f075bf72b0b747cb3288d011319aaf64083cf2efef8354174e3ed4540e2/ipython_pygments_lexers-1.1.1-py3-none-any.whl", hash = "sha256:a9462224a505ade19a605f71f8fa63c2048833ce50abc86768a0d81d876dc81c", size = 8074, upload-time = "2025-01-17T11:24:33.271Z" },
]

[[package]]
name = "jedi"
version = "0.20.0"
source = { registry = "https://pypi.org/simple" }
dependencies = [
    { name = "parso" },
]
sdist = { url = "https://files.pythonhosted.org/packages/46/b7/a3635f6a2d7cf5b5dd98064fc1d5fbbafcb25477bcea204a3a92145d158b/jedi-0.20.0.tar.gz", hash = "sha256:c3f4ccbd276696f4b19c54618d4fb18f9fc24b0aef02acf704b23f487daa1011", size = 3119416, upload-time = "2026-05-01T23:38:47.814Z" }
wheels = [
    { url = "https://files.pythonhosted.org/packages/9a/93/242e2eab5fe682ffcb8b0084bde703a41d51e17ee0f3a31ff0d9d813620a/jedi-0.20.0-py2.py3-none-any.whl", hash = "sha256:7bdd9c2634f56713299976f4cbd59cb3fa92165cc5e05ea811fb253480728b67", size = 4884812, upload-time = "2026-05-01T23:38:43.919Z" },
]

[[package]]
name = "matplotlib-inline"
version = "0.2.2"
source = { registry = "https://pypi.org/simple" }
dependencies = [
    { name = "traitlets" },
]
sdist = { url = "https://files.pythonhosted.org/packages/bd/c0/9f7c9a46090390368a4d7bcb76bb87a4a36c421e4c0792cdb53486ffac7a/matplotlib_inline-0.2.2.tar.gz", hash = "sha256:72f3fe8fce36b70d4a5b612f899090cd0401deddc4ea90e1572b9f4bfb058c79", size = 8150, upload-time = "2026-05-08T17:33:33.49Z" }
wheels = [
    { url = "https://files.pythonhosted.org/packages/41/09/5b161152e2d90f7b87f781c2e1267494aef9c32498df793f73ad0a0a494a/matplotlib_inline-0.2.2-py3-none-any.whl", hash = "sha256:3c821cf1c209f59fb2d2d64abbf5b23b67bcb2210d663f9918dd851c6da1fcf6", size = 9534, upload-time = "2026-05-08T17:33:32.055Z" },
]

[[package]]
name = "parso"
version = "0.8.7"
source = { registry = "https://pypi.org/simple" }
sdist = { url = "https://files.pythonhosted.org/packages/30/4b/90c937815137d43ce71ba043cd3566221e9df6b9c805f24b5d138c9d40a7/parso-0.8.7.tar.gz", hash = "sha256:eaaac4c9fdd5e9e8852dc778d2d7405897ec510f2a298071453e5e3a07914bb1", size = 401824, upload-time = "2026-05-01T23:13:02.138Z" }
wheels = [
    { url = "https://files.pythonhosted.org/packages/99/5d/8268b644392ee874ee82a635cd0df1773de230bde356c38de28e298392cc/parso-0.8.7-py2.py3-none-any.whl", hash = "sha256:a8926eb2a1b915486941fdbd31e86a4baf88fe8c210f25f2f35ecec5b574ca1c", size = 107025, upload-time = "2026-05-01T23:12:58.867Z" },
]

[[package]]
name = "pexpect"
version = "4.9.0"
source = { registry = "https://pypi.org/simple" }
dependencies = [
    { name = "ptyprocess" },
]
sdist = { url = "https://files.pythonhosted.org/packages/42/92/cc564bf6381ff43ce1f4d06852fc19a2f11d180f23dc32d9588bee2f149d/pexpect-4.9.0.tar.gz", hash = "sha256:ee7d41123f3c9911050ea2c2dac107568dc43b2d3b0c7557a33212c398ead30f", size = 166450, upload-time = "2023-11-25T09:07:26.339Z" }
wheels = [
    { url = "https://files.pythonhosted.org/packages/9e/c3/059298687310d527a58bb01f3b1965787ee3b40dce76752eda8b44e9a2c5/pexpect-4.9.0-py2.py3-none-any.whl", hash = "sha256:7236d1e080e4936be2dc3e326cec0af72acf9212a7e1d060210e70a47e253523", size = 63772, upload-time = "2023-11-25T06:56:14.81Z" },
]

[[package]]
name = "prompt-toolkit"
version = "3.0.53"
source = { registry = "https://pypi.org/simple" }
dependencies = [
    { name = "wcwidth" },
]
sdist = { url = "https://files.pythonhosted.org/packages/7d/ea/39b988c938f75cb75d7045b5c69f8bfed47ee2152c8837fb403de29d6fb8/prompt_toolkit-3.0.53.tar.gz", hash = "sha256:9ec8a0ad96d5c56148b3f914aa79c1564c3fde5d2e6b876e7bc327e353cf8fa6", size = 435492, upload-time = "2026-07-26T20:56:14.758Z" }
wheels = [
    { url = "https://files.pythonhosted.org/packages/54/6f/84908cad2d6aa5144abcf7b42709fe4fdb459bc640ec7ac5786e7693dabc/prompt_toolkit-3.0.53-py3-none-any.whl", hash = "sha256:01c0891d7f9237d5e339f7d3e42cdae80b7534abb1c7c0e3352efba6231492f2", size = 392288, upload-time = "2026-07-26T20:56:12.512Z" },
]

[[package]]
name = "psutil"
version = "7.2.2"
source = { registry = "https://pypi.org/simple" }
sdist = { url = "https://files.pythonhosted.org/packages/aa/c6/d1ddf4abb55e93cebc4f2ed8b5d6dbad109ecb8d63748dd2b20ab5e57ebe/psutil-7.2.2.tar.gz", hash = "sha256:0746f5f8d406af344fd547f1c8daa5f5c33dbc293bb8d6a16d80b4bb88f59372", size = 493740, upload-time = "2026-01-28T18:14:54.428Z" }
wheels = [
    { url = "https://files.pythonhosted.org/packages/51/08/510cbdb69c25a96f4ae523f733cdc963ae654904e8db864c07585ef99875/psutil-7.2.2-cp313-cp313t-macosx_10_13_x86_64.whl", hash = "sha256:2edccc433cbfa046b980b0df0171cd25bcaeb3a68fe9022db0979e7aa74a826b", size = 130595, upload-time = "2026-01-28T18:14:57.293Z" },
    { url = "https://files.pythonhosted.org/packages/d6/f5/97baea3fe7a5a9af7436301f85490905379b1c6f2dd51fe3ecf24b4c5fbf/psutil-7.2.2-cp313-cp313t-macosx_11_0_arm64.whl", hash = "sha256:e78c8603dcd9a04c7364f1a3e670cea95d51ee865e4efb3556a3a63adef958ea", size = 131082, upload-time = "2026-01-28T18:14:59.732Z" },
    { url = "https://files.pythonhosted.org/packages/37/d6/246513fbf9fa174af531f28412297dd05241d97a75911ac8febefa1a53c6/psutil-7.2.2-cp313-cp313t-manylinux2010_x86_64.manylinux_2_12_x86_64.manylinux_2_28_x86_64.whl", hash = "sha256:1a571f2330c966c62aeda00dd24620425d4b0cc86881c89861fbc04549e5dc63", size = 181476, upload-time = "2026-01-28T18:15:01.884Z" },
    { url = "https://files.pythonhosted.org/packages/b8/b5/9182c9af3836cca61696dabe4fd1304e17bc56cb62f17439e1154f225dd3/psutil-7.2.2-cp313-cp313t-manylinux2014_aarch64.manylinux_2_17_aarch64.manylinux_2_28_aarch64.whl", hash = "sha256:917e891983ca3c1887b4ef36447b1e0873e70c933afc831c6b6da078ba474312", size = 184062, upload-time = "2026-01-28T18:15:04.436Z" },
    { url = "https://files.pythonhosted.org/packages/16/ba/0756dca669f5a9300d0cbcbfae9a4c30e446dfc7440ffe43ded5724bfd93/psutil-7.2.2-cp313-cp313t-win_amd64.whl", hash = "sha256:ab486563df44c17f5173621c7b198955bd6b613fb87c71c161f827d3fb149a9b", size = 139893, upload-time = "2026-01-28T18:15:06.378Z" },
    { url = "https://files.pythonhosted.org/packages/1c/61/8fa0e26f33623b49949346de05ec1ddaad02ed8ba64af45f40a147dbfa97/psutil-7.2.2-cp313-cp313t-win_arm64.whl", hash = "sha256:ae0aefdd8796a7737eccea863f80f81e468a1e4cf14d926bd9b6f5f2d5f90ca9", size = 135589, upload-time = "2026-01-28T18:15:08.03Z" },
    { url = "https://files.pythonhosted.org/packages/81/69/ef179ab5ca24f32acc1dac0c247fd6a13b501fd5534dbae0e05a1c48b66d/psutil-7.2.2-cp314-cp314t-macosx_10_15_x86_64.whl", hash = "sha256:eed63d3b4d62449571547b60578c5b2c4bcccc5387148db46e0c2313dad0ee00", size = 130664, upload-time = "2026-01-28T18:15:09.469Z" },
    { url = "https://files.pythonhosted.org/packages/7b/64/665248b557a236d3fa9efc378d60d95ef56dd0a490c2cd37dafc7660d4a9/psutil-7.2.2-cp314-cp314t-macosx_11_0_arm64.whl", hash = "sha256:7b6d09433a10592ce39b13d7be5a54fbac1d1228ed29abc880fb23df7cb694c9", size = 131087, upload-time = "2026-01-28T18:15:11.724Z" },
    { url = "https://files.pythonhosted.org/packages/d5/2e/e6782744700d6759ebce3043dcfa661fb61e2fb752b91cdeae9af12c2178/psutil-7.2.2-cp314-cp314t-manylinux2010_x86_64.manylinux_2_12_x86_64.manylinux_2_28_x86_64.whl", hash = "sha256:1fa4ecf83bcdf6e6c8f4449aff98eefb5d0604bf88cb883d7da3d8d2d909546a", size = 182383, upload-time = "2026-01-28T18:15:13.445Z" },
    { url = "https://files.pythonhosted.org/packages/57/49/0a41cefd10cb7505cdc04dab3eacf24c0c2cb158a998b8c7b1d27ee2c1f5/psutil-7.2.2-cp314-cp314t-manylinux2014_aarch64.manylinux_2_17_aarch64.manylinux_2_28_aarch64.whl", hash = "sha256:e452c464a02e7dc7822a05d25db4cde564444a67e58539a00f929c51eddda0cf", size = 185210, upload-time = "2026-01-28T18:15:16.002Z" },
    { url = "https://files.pythonhosted.org/packages/dd/2c/ff9bfb544f283ba5f83ba725a3c5fec6d6b10b8f27ac1dc641c473dc390d/psutil-7.2.2-cp314-cp314t-win_amd64.whl", hash = "sha256:c7663d4e37f13e884d13994247449e9f8f574bc4655d509c3b95e9ec9e2b9dc1", size = 141228, upload-time = "2026-01-28T18:15:18.385Z" },
    { url = "https://files.pythonhosted.org/packages/f2/fc/f8d9c31db14fcec13748d373e668bc3bed94d9077dbc17fb0eebc073233c/psutil-7.2.2-cp314-cp314t-win_arm64.whl", hash = "sha256:11fe5a4f613759764e79c65cf11ebdf26e33d6dd34336f8a337aa2996d71c841", size = 136284, upload-time = "2026-01-28T18:15:19.912Z" },
    { url = "https://files.pythonhosted.org/packages/e7/36/5ee6e05c9bd427237b11b3937ad82bb8ad2752d72c6969314590dd0c2f6e/psutil-7.2.2-cp36-abi3-macosx_10_9_x86_64.whl", hash = "sha256:ed0cace939114f62738d808fdcecd4c869222507e266e574799e9c0faa17d486", size = 129090, upload-time = "2026-01-28T18:15:22.168Z" },
    { url = "https://files.pythonhosted.org/packages/80/c4/f5af4c1ca8c1eeb2e92ccca14ce8effdeec651d5ab6053c589b074eda6e1/psutil-7.2.2-cp36-abi3-macosx_11_0_arm64.whl", hash = "sha256:1a7b04c10f32cc88ab39cbf606e117fd74721c831c98a27dc04578deb0c16979", size = 129859, upload-time = "2026-01-28T18:15:23.795Z" },
    { url = "https://files.pythonhosted.org/packages/b5/70/5d8df3b09e25bce090399cf48e452d25c935ab72dad19406c77f4e828045/psutil-7.2.2-cp36-abi3-manylinux2010_x86_64.manylinux_2_12_x86_64.manylinux_2_28_x86_64.whl", hash = "sha256:076a2d2f923fd4821644f5ba89f059523da90dc9014e85f8e45a5774ca5bc6f9", size = 155560, upload-time = "2026-01-28T18:15:25.976Z" },
    { url = "https://files.pythonhosted.org/packages/63/65/37648c0c158dc222aba51c089eb3bdfa238e621674dc42d48706e639204f/psutil-7.2.2-cp36-abi3-manylinux2014_aarch64.manylinux_2_17_aarch64.manylinux_2_28_aarch64.whl", hash = "sha256:b0726cecd84f9474419d67252add4ac0cd9811b04d61123054b9fb6f57df6e9e", size = 156997, upload-time = "2026-01-28T18:15:27.794Z" },
    { url = "https://files.pythonhosted.org/packages/8e/13/125093eadae863ce03c6ffdbae9929430d116a246ef69866dad94da3bfbc/psutil-7.2.2-cp36-abi3-musllinux_1_2_aarch64.whl", hash = "sha256:fd04ef36b4a6d599bbdb225dd1d3f51e00105f6d48a28f006da7f9822f2606d8", size = 148972, upload-time = "2026-01-28T18:15:29.342Z" },
    { url = "https://files.pythonhosted.org/packages/04/78/0acd37ca84ce3ddffaa92ef0f571e073faa6d8ff1f0559ab1272188ea2be/psutil-7.2.2-cp36-abi3-musllinux_1_2_x86_64.whl", hash = "sha256:b58fabe35e80b264a4e3bb23e6b96f9e45a3df7fb7eed419ac0e5947c61e47cc", size = 148266, upload-time = "2026-01-28T18:15:31.597Z" },
    { url = "https://files.pythonhosted.org/packages/b4/90/e2159492b5426be0c1fef7acba807a03511f97c5f86b3caeda6ad92351a7/psutil-7.2.2-cp37-abi3-win_amd64.whl", hash = "sha256:eb7e81434c8d223ec4a219b5fc1c47d0417b12be7ea866e24fb5ad6e84b3d988", size = 137737, upload-time = "2026-01-28T18:15:33.849Z" },
    { url = "https://files.pythonhosted.org/packages/8c/c7/7bb2e321574b10df20cbde462a94e2b71d05f9bbda251ef27d104668306a/psutil-7.2.2-cp37-abi3-win_arm64.whl", hash = "sha256:8c233660f575a5a89e6d4cb65d9f938126312bca76d8fe087b947b3a1aaac9ee", size = 134617, upload-time = "2026-01-28T18:15:36.514Z" },
]

[[package]]
name = "ptyprocess"
version = "0.7.0"
source = { registry = "https://pypi.org/simple" }
sdist = { url = "https://files.pythonhosted.org/packages/20/e5/16ff212c1e452235a90aeb09066144d0c5a6a8c0834397e03f5224495c4e/ptyprocess-0.7.0.tar.gz", hash = "sha256:5c5d0a3b48ceee0b48485e0c26037c0acd7d29765ca3fbb5cb3831d347423220", size = 70762, upload-time = "2020-12-28T15:15:30.155Z" }
wheels = [
    { url = "https://files.pythonhosted.org/packages/22/a6/858897256d0deac81a172289110f31629fc4cee19b6f01283303e18c8db3/ptyprocess-0.7.0-py2.py3-none-any.whl", hash = "sha256:4b41f3967fce3af57cc7e94b888626c18bf37a083e3651ca8feeb66d492fef35", size = 13993, upload-time = "2020-12-28T15:15:28.35Z" },
]

[[package]]
name = "pure-eval"
version = "0.2.3"
source = { registry = "https://pypi.org/simple" }
sdist = { url = "https://files.pythonhosted.org/packages/cd/05/0a34433a064256a578f1783a10da6df098ceaa4a57bbeaa96a6c0352786b/pure_eval-0.2.3.tar.gz", hash = "sha256:5f4e983f40564c576c7c8635ae88db5956bb2229d7e9237d03b3c0b0190eaf42", size = 19752, upload-time = "2024-07-21T12:58:21.801Z" }
wheels = [
    { url = "https://files.pythonhosted.org/packages/8e/37/efad0257dc6e593a18957422533ff0f87ede7c9c6ea010a2177d738fb82f/pure_eval-0.2.3-py3-none-any.whl", hash = "sha256:1db8e35b67b3d218d818ae653e27f06c3aa420901fa7b081ca98cbedc874e0d0", size = 11842, upload-time = "2024-07-21T12:58:20.04Z" },
]

[[package]]
name = "pygments"
version = "2.20.0"
source = { registry = "https://pypi.org/simple" }
sdist = { url = "https://files.pythonhosted.org/packages/c3/b2/bc9c9196916376152d655522fdcebac55e66de6603a76a02bca1b6414f6c/pygments-2.20.0.tar.gz", hash = "sha256:6757cd03768053ff99f3039c1a36d6c0aa0b263438fcab17520b30a303a82b5f", size = 4955991, upload-time = "2026-03-29T13:29:33.898Z" }
wheels = [
    { url = "https://files.pythonhosted.org/packages/f4/7e/a72dd26f3b0f4f2bf1dd8923c85f7ceb43172af56d63c7383eb62b332364/pygments-2.20.0-py3-none-any.whl", hash = "sha256:81a9e26dd42fd28a23a2d169d86d7ac03b46e2f8b59ed4698fb4785f946d0176", size = 1231151, upload-time = "2026-03-29T13:29:30.038Z" },
]

[[package]]
name = "python-dotenv"
version = "1.2.2"
source = { registry = "https://pypi.org/simple" }
sdist = { url = "https://files.pythonhosted.org/packages/82/ed/0301aeeac3e5353ef3d94b6ec08bbcabd04a72018415dcb29e588514bba8/python_dotenv-1.2.2.tar.gz", hash = "sha256:2c371a91fbd7ba082c2c1dc1f8bf89ca22564a087c2c287cd9b662adde799cf3", size = 50135, upload-time = "2026-03-01T16:00:26.196Z" }
wheels = [
    { url = "https://files.pythonhosted.org/packages/0b/d7/1959b9648791274998a9c3526f6d0ec8fd2233e4d4acce81bbae76b44b2a/python_dotenv-1.2.2-py3-none-any.whl", hash = "sha256:1d8214789a24de455a8b8bd8ae6fe3c6b69a5e3d64aa8a8e5d68e694bbcb285a", size = 22101, upload-time = "2026-03-01T16:00:25.09Z" },
]

[[package]]
name = "requests"
version = "2.34.2"
source = { registry = "https://pypi.org/simple" }
dependencies = [
    { name = "certifi" },
    { name = "charset-normalizer" },
    { name = "idna" },
    { name = "urllib3" },
]
sdist = { url = "https://files.pythonhosted.org/packages/ac/c3/e2a2b89f2d3e2179abd6d00ebd70bff6273f37fb3e0cc209f48b39d00cbf/requests-2.34.2.tar.gz", hash = "sha256:f288924cae4e29463698d6d60bc6a4da69c89185ad1e0bcc4104f584e960b9ed", size = 142856, upload-time = "2026-05-14T19:25:27.735Z" }
wheels = [
    { url = "https://files.pythonhosted.org/packages/a0/f4/c67b0b3f1b9245e8d266f0f112c500d50e5b4e83cb6f3b71b6528104182a/requests-2.34.2-py3-none-any.whl", hash = "sha256:2a0d60c172f83ac6ab31e4554906c0f3b3588d37b5cb939b1c061f4907e278e0", size = 73075, upload-time = "2026-05-14T19:25:26.443Z" },
]

[[package]]
name = "ssslite"
version = "1.0.9"
source = { virtual = "." }
dependencies = [
    { name = "bottle" },
    { name = "gunicorn", extra = ["fast"] },
    { name = "python-dotenv" },
    { name = "requests" },
]

[package.dev-dependencies]
dev = [
    { name = "ipython" },
]

[package.metadata]
requires-dist = [
    { name = "bottle", specifier = "==0.13.4" },
    { name = "gunicorn", extras = ["fast"], specifier = "==26.1.0" },
    { name = "python-dotenv", specifier = "==1.2.2" },
    { name = "requests", specifier = "==2.34.2" },
]

[package.metadata.requires-dev]
dev = [{ name = "ipython", specifier = ">=9.16.1" }]

[[package]]
name = "stack-data"
version = "0.6.3"
source = { registry = "https://pypi.org/simple" }
dependencies = [
    { name = "asttokens" },
    { name = "executing" },
    { name = "pure-eval" },
]
sdist = { url = "https://files.pythonhosted.org/packages/28/e3/55dcc2cfbc3ca9c29519eb6884dd1415ecb53b0e934862d3559ddcb7e20b/stack_data-0.6.3.tar.gz", hash = "sha256:836a778de4fec4dcd1dcd89ed8abff8a221f58308462e1c4aa2a3cf30148f0b9", size = 44707, upload-time = "2023-09-30T13:58:05.479Z" }
wheels = [
    { url = "https://files.pythonhosted.org/packages/f1/7b/ce1eafaf1a76852e2ec9b22edecf1daa58175c090266e9f6c64afcd81d91/stack_data-0.6.3-py3-none-any.whl", hash = "sha256:d5558e0c25a4cb0853cddad3d77da9891a08cb85dd9f9f91b9f8cd66e511e695", size = 24521, upload-time = "2023-09-30T13:58:03.53Z" },
]

[[package]]
name = "traitlets"
version = "5.16.1"
source = { registry = "https://pypi.org/simple" }
sdist = { url = "https://files.pythonhosted.org/packages/2c/2e/a7fbfe268c8a3b32546930c0297c101d65a4a14c304ad5790a9f478f0e4e/traitlets-5.16.1.tar.gz", hash = "sha256:ed900c2b631aa3a112811139fa97b8d2c3bad5e989656bba4b7e52c7852c18c1", size = 166137, upload-time = "2026-08-03T08:32:36.848Z" }
wheels = [
    { url = "https://files.pythonhosted.org/packages/ad/66/0d785f0bc5e4315a96c989bb476d0fc07ea4f85132550c7b156ca2035d52/traitlets-5.16.1-py3-none-any.whl", hash = "sha256:f775618166caa0396c8e337099240f2bd3e5e917d203b2e6fbe21a58d3cb1f6b", size = 86211, upload-time = "2026-08-03T08:32:34.48Z" },
]

[[package]]
name = "urllib3"
version = "2.7.0"
source = { registry = "https://pypi.org/simple" }
sdist = { url = "https://files.pythonhosted.org/packages/53/0c/06f8b233b8fd13b9e5ee11424ef85419ba0d8ba0b3138bf360be2ff56953/urllib3-2.7.0.tar.gz", hash = "sha256:231e0ec3b63ceb14667c67be60f2f2c40a518cb38b03af60abc813da26505f4c", size = 433602, upload-time = "2026-05-07T16:13:18.596Z" }
wheels = [
    { url = "https://files.pythonhosted.org/packages/7f/3e/5db95bcf282c52709639744ca2a8b149baccf648e39c8cc87553df9eae0c/urllib3-2.7.0-py3-none-any.whl", hash = "sha256:9fb4c81ebbb1ce9531cce37674bbc6f1360472bc18ca9a553ede278ef7276897", size = 131087, upload-time = "2026-05-07T16:13:17.151Z" },
]

[[package]]
name = "wcwidth"
version = "0.8.2"
source = { registry = "https://pypi.org/simple" }
sdist = { url = "https://files.pythonhosted.org/packages/34/74/c6428f875774288bec1396f5bfcbc2d925700a4dad61727fd5f2b12f249d/wcwidth-0.8.2.tar.gz", hash = "sha256:91fbef97204b96a3d4d421609b80340b760cf33e26da123ff243d76b1fda8dda", size = 1466253, upload-time = "2026-06-29T18:11:11.601Z" }
wheels = [
    { url = "https://files.pythonhosted.org/packages/96/42/3e5985a0a7e57de470b320c6d6a1a67c844f6737a587f3d44dd13d1819e7/wcwidth-0.8.2-py3-none-any.whl", hash = "sha256:d63947694a0539a1d51e01eda7caf800c291020e6cdd7e28ad7b14dd33ad4f85", size = 323166, upload-time = "2026-06-29T18:11:09.888Z" },
]
